// !$*UTF8*$!
{
	archiveVersion = 1;
	classes = {
	};
	objectVersion = 50;
	objects = {

/* Begin PBXBuildFile section */
		34BF5AAE20B6A38A00303F7E /* XJChatTableViewController.swift in Sources */ = {isa = PBXBuildFile; fileRef = 34BF5AAD20B6A38A00303F7E /* XJChatTableViewController.swift */; };
		355275076D1733CF7A881E64 /* Pods_smallHome.framework in Frameworks */ = {isa = PBXBuildFile; fileRef = 06DAAA9D229A84A95FD837B0 /* Pods_smallHome.framework */; };
		F2156A162104585C00D56EB5 /* XJEMManager.swift in Sources */ = {isa = PBXBuildFile; fileRef = F2156A152104585C00D56EB5 /* XJEMManager.swift */; };
		F22C236820C7A6D900787F1F /* XJMemoCell.swift in Sources */ = {isa = PBXBuildFile; fileRef = F22C236620C7A6D900787F1F /* XJMemoCell.swift */; };
		F22C236920C7A6D900787F1F /* XJMemoCell.xib in Resources */ = {isa = PBXBuildFile; fileRef = F22C236720C7A6D900787F1F /* XJMemoCell.xib */; };
		F22C236D20C7B6F300787F1F /* Global.swift in Sources */ = {isa = PBXBuildFile; fileRef = F22C236C20C7B6F300787F1F /* Global.swift */; };
		F241C45720DDE9ED00F84207 /* 0000.jpg in Resources */ = {isa = PBXBuildFile; fileRef = F241C45620DDE9ED00F84207 /* 0000.jpg */; };
		F256232420D7C40100623A87 /* XJBmobManager.swift in Sources */ = {isa = PBXBuildFile; fileRef = F256232320D7C40100623A87 /* XJBmobManager.swift */; };
		F256232A20D7D89C00623A87 /* XJManager.swift in Sources */ = {isa = PBXBuildFile; fileRef = F256232920D7D89C00623A87 /* XJManager.swift */; };
		F263C20120DA27ED00822B84 /* manager_global.swift in Sources */ = {isa = PBXBuildFile; fileRef = F263C20020DA27ED00822B84 /* manager_global.swift */; };
		F274AC1A210FF4CD007B18D8 /* home.png in Resources */ = {isa = PBXBuildFile; fileRef = F274AC19210FF4CD007B18D8 /* home.png */; };
		F2988BB320C81CA50068B49B /* XJMemoDetailController.swift in Sources */ = {isa = PBXBuildFile; fileRef = F2988BB220C81CA50068B49B /* XJMemoDetailController.swift */; };
		F2EF48EA20B681F8005C076F /* AppDelegate.swift in Sources */ = {isa = PBXBuildFile; fileRef = F2EF48E920B681F8005C076F /* AppDelegate.swift */; };
		F2EF48F220B681F8005C076F /* smallHome.xcdatamodeld in Sources */ = {isa = PBXBuildFile; fileRef = F2EF48F020B681F8005C076F /* smallHome.xcdatamodeld */; };
		F2EF48F420B681F9005C076F /* Assets.xcassets in Resources */ = {isa = PBXBuildFile; fileRef = F2EF48F320B681F9005C076F /* Assets.xcassets */; };
		F2EF48F720B681F9005C076F /* LaunchScreen.storyboard in Resources */ = {isa = PBXBuildFile; fileRef = F2EF48F520B681F9005C076F /* LaunchScreen.storyboard */; };
		F2EF490920B68597005C076F /* XJModelManager.swift in Sources */ = {isa = PBXBuildFile; fileRef = F2EF490820B68597005C076F /* XJModelManager.swift */; };
		F2EF490C20B685C0005C076F /* XJHomeViewController.swift in Sources */ = {isa = PBXBuildFile; fileRef = F2EF490B20B685C0005C076F /* XJHomeViewController.swift */; };
		F2EF491320B688EE005C076F /* XJMemoViewController.swift in Sources */ = {isa = PBXBuildFile; fileRef = F2EF491220B688EE005C076F /* XJMemoViewController.swift */; };
		F2EF491720B6A763005C076F /* SwiftPCH.swift in Sources */ = {isa = PBXBuildFile; fileRef = F2EF491620B6A763005C076F /* SwiftPCH.swift */; };
/* End PBXBuildFile section */

/* Begin PBXFileReference section */
		04CA9941EE584FD7FDBAC27B /* Pods-smallHome.release.xcconfig */ = {isa = PBXFileReference; includeInIndex = 1; lastKnownFileType = text.xcconfig; name = "Pods-smallHome.release.xcconfig"; path = "Pods/Target Support Files/Pods-smallHome/Pods-smallHome.release.xcconfig"; sourceTree = "<group>"; };
		06DAAA9D229A84A95FD837B0 /* Pods_smallHome.framework */ = {isa = PBXFileReference; explicitFileType = wrapper.framework; includeInIndex = 0; path = Pods_smallHome.framework; sourceTree = BUILT_PRODUCTS_DIR; };
		34BF5AAD20B6A38A00303F7E /* XJChatTableViewController.swift */ = {isa = PBXFileReference; lastKnownFileType = sourcecode.swift; name = XJChatTableViewController.swift; path = smallHome/XJChatTableViewController.swift; sourceTree = SOURCE_ROOT; };
		B444E9D38C8FF76F92CF0154 /* Pods-smallHome.debug.xcconfig */ = {isa = PBXFileReference; includeInIndex = 1; lastKnownFileType = text.xcconfig; name = "Pods-smallHome.debug.xcconfig"; path = "Pods/Target Support Files/Pods-smallHome/Pods-smallHome.debug.xcconfig"; sourceTree = "<group>"; };
		F2156A152104585C00D56EB5 /* XJEMManager.swift */ = {isa = PBXFileReference; lastKnownFileType = sourcecode.swift; path = XJEMManager.swift; sourceTree = "<group>"; };
		F22C236620C7A6D900787F1F /* XJMemoCell.swift */ = {isa = PBXFileReference; lastKnownFileType = sourcecode.swift; path = XJMemoCell.swift; sourceTree = "<group>"; };
		F22C236720C7A6D900787F1F /* XJMemoCell.xib */ = {isa = PBXFileReference; lastKnownFileType = file.xib; path = XJMemoCell.xib; sourceTree = "<group>"; };
		F22C236C20C7B6F300787F1F /* Global.swift */ = {isa = PBXFileReference; lastKnownFileType = sourcecode.swift; path = Global.swift; sourceTree = "<group>"; };
		F241C45620DDE9ED00F84207 /* 0000.jpg */ = {isa = PBXFileReference; lastKnownFileType = image.jpeg; path = 0000.jpg; sourceTree = "<group>"; };
		F256232320D7C40100623A87 /* XJBmobManager.swift */ = {isa = PBXFileReference; lastKnownFileType = sourcecode.swift; path = XJBmobManager.swift; sourceTree = "<group>"; };
		F256232620D7C44800623A87 /* smallHome-Bridging-Header.h */ = {isa = PBXFileReference; lastKnownFileType = sourcecode.c.h; path = "smallHome-Bridging-Header.h"; sourceTree = "<group>"; };
		F256232920D7D89C00623A87 /* XJManager.swift */ = {isa = PBXFileReference; lastKnownFileType = sourcecode.swift; path = XJManager.swift; sourceTree = "<group>"; };
		F263C20020DA27ED00822B84 /* manager_global.swift */ = {isa = PBXFileReference; lastKnownFileType = sourcecode.swift; path = manager_global.swift; sourceTree = "<group>"; };
		F274AC19210FF4CD007B18D8 /* home.png */ = {isa = PBXFileReference; lastKnownFileType = image.png; path = home.png; sourceTree = "<group>"; };
		F2988BB220C81CA50068B49B /* XJMemoDetailController.swift */ = {isa = PBXFileReference; lastKnownFileType = sourcecode.swift; path = XJMemoDetailController.swift; sourceTree = "<group>"; };
		F2EF48E620B681F8005C076F /* smallHome.app */ = {isa = PBXFileReference; explicitFileType = wrapper.application; includeInIndex = 0; path = smallHome.app; sourceTree = BUILT_PRODUCTS_DIR; };
		F2EF48E920B681F8005C076F /* AppDelegate.swift */ = {isa = PBXFileReference; lastKnownFileType = sourcecode.swift; path = AppDelegate.swift; sourceTree = "<group>"; };
		F2EF48F120B681F8005C076F /* smallHome.xcdatamodel */ = {isa = PBXFileReference; lastKnownFileType = wrapper.xcdatamodel; path = smallHome.xcdatamodel; sourceTree = "<group>"; };
		F2EF48F320B681F9005C076F /* Assets.xcassets */ = {isa = PBXFileReference; lastKnownFileType = folder.assetcatalog; path = Assets.xcassets; sourceTree = "<group>"; };
		F2EF48F620B681F9005C076F /* Base */ = {isa = PBXFileReference; lastKnownFileType = file.storyboard; name = Base; path = Base.lproj/LaunchScreen.storyboard; sourceTree = "<group>"; };
		F2EF48F820B681F9005C076F /* Info.plist */ = {isa = PBXFileReference; lastKnownFileType = text.plist.xml; path = Info.plist; sourceTree = "<group>"; };
		F2EF490820B68597005C076F /* XJModelManager.swift */ = {isa = PBXFileReference; lastKnownFileType = sourcecode.swift; path = XJModelManager.swift; sourceTree = "<group>"; };
		F2EF490B20B685C0005C076F /* XJHomeViewController.swift */ = {isa = PBXFileReference; lastKnownFileType = sourcecode.swift; path = XJHomeViewController.swift; sourceTree = "<group>"; };
		F2EF491220B688EE005C076F /* XJMemoViewController.swift */ = {isa = PBXFileReference; lastKnownFileType = sourcecode.swift; path = XJMemoViewController.swift; sourceTree = "<group>"; };
		F2EF491620B6A763005C076F /* SwiftPCH.swift */ = {isa = PBXFileReference; lastKnownFileType = sourcecode.swift; path = SwiftPCH.swift; sourceTree = "<group>"; };
/* End PBXFileReference section */

/* Begin PBXFrameworksBuildPhase section */
		F2EF48E320B681F8005C076F /* Frameworks */ = {
			isa = PBXFrameworksBuildPhase;
			buildActionMask = 2147483647;
			files = (
				355275076D1733CF7A881E64 /* Pods_smallHome.framework in Frameworks */,
			);
			runOnlyForDeploymentPostprocessing = 0;
		};
/* End PBXFrameworksBuildPhase section */

/* Begin PBXGroup section */
		0B278E8A09131804AF73AD33 /* Pods */ = {
			isa = PBXGroup;
			children = (
				B444E9D38C8FF76F92CF0154 /* Pods-smallHome.debug.xcconfig */,
				04CA9941EE584FD7FDBAC27B /* Pods-smallHome.release.xcconfig */,
			);
			name = Pods;
			sourceTree = "<group>";
		};
		46E314C42BE16E3ACEBA7AB6 /* Frameworks */ = {
			isa = PBXGroup;
			children = (
				06DAAA9D229A84A95FD837B0 /* Pods_smallHome.framework */,
			);
			name = Frameworks;
			sourceTree = "<group>";
		};
		F274AC18210FF4B1007B18D8 /* 图片资源 */ = {
			isa = PBXGroup;
			children = (
				F274AC19210FF4CD007B18D8 /* home.png */,
			);
			name = "图片资源";
			sourceTree = "<group>";
		};
		F2EF48DD20B681F8005C076F = {
			isa = PBXGroup;
			children = (
				F2EF48E820B681F8005C076F /* smallHome */,
				F2EF48E720B681F8005C076F /* Products */,
				0B278E8A09131804AF73AD33 /* Pods */,
				46E314C42BE16E3ACEBA7AB6 /* Frameworks */,
			);
			sourceTree = "<group>";
		};
		F2EF48E720B681F8005C076F /* Products */ = {
			isa = PBXGroup;
			children = (
				F2EF48E620B681F8005C076F /* smallHome.app */,
			);
			name = Products;
			sourceTree = "<group>";
		};
		F2EF48E820B681F8005C076F /* smallHome */ = {
			isa = PBXGroup;
			children = (
				F2EF491120B687B4005C076F /* Other */,
				F2EF491020B6877D005C076F /* Manager */,
				F2EF490D20B6873C005C076F /* 所有的界面 */,
				F2EF48F320B681F9005C076F /* Assets.xcassets */,
			);
			path = smallHome;
			sourceTree = "<group>";
		};
		F2EF490020B68284005C076F /* 聊天界面 */ = {
			isa = PBXGroup;
			children = (
				34BF5AAD20B6A38A00303F7E /* XJChatTableViewController.swift */,
			);
			path = "聊天界面";
			sourceTree = "<group>";
		};
		F2EF490220B68294005C076F /* 备忘录界面 */ = {
			isa = PBXGroup;
			children = (
				F2EF491220B688EE005C076F /* XJMemoViewController.swift */,
				F22C236620C7A6D900787F1F /* XJMemoCell.swift */,
				F22C236720C7A6D900787F1F /* XJMemoCell.xib */,
				F2988BB220C81CA50068B49B /* XJMemoDetailController.swift */,
			);
			path = "备忘录界面";
			sourceTree = "<group>";
		};
		F2EF490320B6829F005C076F /* 提醒界面 */ = {
			isa = PBXGroup;
			children = (
			);
			path = "提醒界面";
			sourceTree = "<group>";
		};
		F2EF490420B682A7005C076F /* 个人信息界面 */ = {
			isa = PBXGroup;
			children = (
			);
			path = "个人信息界面";
			sourceTree = "<group>";
		};
		F2EF490720B68373005C076F /* 主界面 */ = {
			isa = PBXGroup;
			children = (
				F2EF490B20B685C0005C076F /* XJHomeViewController.swift */,
			);
			path = "主界面";
			sourceTree = "<group>";
		};
		F2EF490D20B6873C005C076F /* 所有的界面 */ = {
			isa = PBXGroup;
			children = (
				F2EF490720B68373005C076F /* 主界面 */,
				F2EF490420B682A7005C076F /* 个人信息界面 */,
				F2EF490320B6829F005C076F /* 提醒界面 */,
				F2EF490220B68294005C076F /* 备忘录界面 */,
				F2EF490020B68284005C076F /* 聊天界面 */,
			);
			name = "所有的界面";
			sourceTree = "<group>";
		};
		F2EF491020B6877D005C076F /* Manager */ = {
			isa = PBXGroup;
			children = (
				F241C45620DDE9ED00F84207 /* 0000.jpg */,
				F256232920D7D89C00623A87 /* XJManager.swift */,
				F2156A152104585C00D56EB5 /* XJEMManager.swift */,
				F2EF490820B68597005C076F /* XJModelManager.swift */,
				F256232320D7C40100623A87 /* XJBmobManager.swift */,
				F263C20020DA27ED00822B84 /* manager_global.swift */,
				F256232620D7C44800623A87 /* smallHome-Bridging-Header.h */,
			);
			name = Manager;
			sourceTree = "<group>";
		};
		F2EF491120B687B4005C076F /* Other */ = {
			isa = PBXGroup;
			children = (
				F274AC18210FF4B1007B18D8 /* 图片资源 */,
				F2EF48E920B681F8005C076F /* AppDelegate.swift */,
				F22C236C20C7B6F300787F1F /* Global.swift */,
				F2EF48F520B681F9005C076F /* LaunchScreen.storyboard */,
				F2EF491620B6A763005C076F /* SwiftPCH.swift */,
				F2EF48F820B681F9005C076F /* Info.plist */,
				F2EF48F020B681F8005C076F /* smallHome.xcdatamodeld */,
			);
			name = Other;
			sourceTree = "<group>";
		};
/* End PBXGroup section */

/* Begin PBXNativeTarget section */
		F2EF48E520B681F8005C076F /* smallHome */ = {
			isa = PBXNativeTarget;
			buildConfigurationList = F2EF48FB20B681F9005C076F /* Build configuration list for PBXNativeTarget "smallHome" */;
			buildPhases = (
				D205FE8BA2F20BCD5EE38176 /* [CP] Check Pods Manifest.lock */,
				F2EF48E220B681F8005C076F /* Sources */,
				F2EF48E320B681F8005C076F /* Frameworks */,
				F2EF48E420B681F8005C076F /* Resources */,
				F2EF491E20B6C1CB005C076F /* ShellScript */,
				E45275C42CD2C1FCA1F0292D /* [CP] Embed Pods Frameworks */,
				03161C54A2CDBD9413BCB4BD /* [CP] Copy Pods Resources */,
			);
			buildRules = (
			);
			dependencies = (
			);
			name = smallHome;
			productName = smallHome;
			productReference = F2EF48E620B681F8005C076F /* smallHome.app */;
			productType = "com.apple.product-type.application";
		};
/* End PBXNativeTarget section */

/* Begin PBXProject section */
		F2EF48DE20B681F8005C076F /* Project object */ = {
			isa = PBXProject;
			attributes = {
				CLASSPREFIX = XJ;
				LastSwiftUpdateCheck = 0930;
				LastUpgradeCheck = 0930;
				ORGANIZATIONNAME = "杨杨杨";
				TargetAttributes = {
					F2EF48E520B681F8005C076F = {
						CreatedOnToolsVersion = 9.3.1;
						LastSwiftMigration = 0930;
					};
				};
			};
			buildConfigurationList = F2EF48E120B681F8005C076F /* Build configuration list for PBXProject "smallHome" */;
			compatibilityVersion = "Xcode 9.3";
			developmentRegion = en;
			hasScannedForEncodings = 0;
			knownRegions = (
				en,
				Base,
			);
			mainGroup = F2EF48DD20B681F8005C076F;
			productRefGroup = F2EF48E720B681F8005C076F /* Products */;
			projectDirPath = "";
			projectRoot = "";
			targets = (
				F2EF48E520B681F8005C076F /* smallHome */,
			);
		};
/* End PBXProject section */

/* Begin PBXResourcesBuildPhase section */
		F2EF48E420B681F8005C076F /* Resources */ = {
			isa = PBXResourcesBuildPhase;
			buildActionMask = 2147483647;
			files = (
				F2EF48F720B681F9005C076F /* LaunchScreen.storyboard in Resources */,
				F274AC1A210FF4CD007B18D8 /* home.png in Resources */,
				F22C236920C7A6D900787F1F /* XJMemoCell.xib in Resources */,
				F2EF48F420B681F9005C076F /* Assets.xcassets in Resources */,
				F241C45720DDE9ED00F84207 /* 0000.jpg in Resources */,
			);
			runOnlyForDeploymentPostprocessing = 0;
		};
/* End PBXResourcesBuildPhase section */

/* Begin PBXShellScriptBuildPhase section */
		03161C54A2CDBD9413BCB4BD /* [CP] Copy Pods Resources */ = {
			isa = PBXShellScriptBuildPhase;
			buildActionMask = 2147483647;
			files = (
			);
			inputPaths = (
			);
			name = "[CP] Copy Pods Resources";
			outputPaths = (
			);
			runOnlyForDeploymentPostprocessing = 0;
			shellPath = /bin/sh;
			shellScript = "\"${SRCROOT}/Pods/Target Support Files/Pods-smallHome/Pods-smallHome-resources.sh\"\n";
			showEnvVarsInLog = 0;
		};
		D205FE8BA2F20BCD5EE38176 /* [CP] Check Pods Manifest.lock */ = {
			isa = PBXShellScriptBuildPhase;
			buildActionMask = 2147483647;
			files = (
			);
			inputPaths = (
				"${PODS_PODFILE_DIR_PATH}/Podfile.lock",
				"${PODS_ROOT}/Manifest.lock",
			);
			name = "[CP] Check Pods Manifest.lock";
			outputPaths = (
				"$(DERIVED_FILE_DIR)/Pods-smallHome-checkManifestLockResult.txt",
			);
			runOnlyForDeploymentPostprocessing = 0;
			shellPath = /bin/sh;
			shellScript = "diff \"${PODS_PODFILE_DIR_PATH}/Podfile.lock\" \"${PODS_ROOT}/Manifest.lock\" > /dev/null\nif [ $? != 0 ] ; then\n    # print error to STDERR\n    echo \"error: The sandbox is not in sync with the Podfile.lock. Run 'pod install' or update your CocoaPods installation.\" >&2\n    exit 1\nfi\n# This output is used by Xcode 'outputs' to avoid re-running this script phase.\necho \"SUCCESS\" > \"${SCRIPT_OUTPUT_FILE_0}\"\n";
			showEnvVarsInLog = 0;
		};
		E45275C42CD2C1FCA1F0292D /* [CP] Embed Pods Frameworks */ = {
			isa = PBXShellScriptBuildPhase;
			buildActionMask = 2147483647;
			files = (
			);
			inputPaths = (
				"${SRCROOT}/Pods/Target Support Files/Pods-smallHome/Pods-smallHome-frameworks.sh",
				"${PODS_ROOT}/Hyphenate/iOS_IM_SDK_V3.3.9/HyphenateFullSDK/Hyphenate.framework",
				"${BUILT_PRODUCTS_DIR}/SDWebImage/SDWebImage.framework",
				"${BUILT_PRODUCTS_DIR}/SnapKit/SnapKit.framework",
			);
			name = "[CP] Embed Pods Frameworks";
			outputPaths = (
				"${TARGET_BUILD_DIR}/${FRAMEWORKS_FOLDER_PATH}/Hyphenate.framework",
				"${TARGET_BUILD_DIR}/${FRAMEWORKS_FOLDER_PATH}/SDWebImage.framework",
				"${TARGET_BUILD_DIR}/${FRAMEWORKS_FOLDER_PATH}/SnapKit.framework",
			);
			runOnlyForDeploymentPostprocessing = 0;
			shellPath = /bin/sh;
			shellScript = "\"${SRCROOT}/Pods/Target Support Files/Pods-smallHome/Pods-smallHome-frameworks.sh\"\n";
			showEnvVarsInLog = 0;
		};
		F2EF491E20B6C1CB005C076F /* ShellScript */ = {
			isa = PBXShellScriptBuildPhase;
			buildActionMask = 2147483647;
			files = (
			);
			inputPaths = (
			);
			outputPaths = (
			);
			runOnlyForDeploymentPostprocessing = 0;
			shellPath = /bin/sh;
			shellScript = "TAGS=\"FIXME:\"\necho \"searching ${SRCROOT} for ${TAGS}\"\nfind \"${SRCROOT}\" \\( -name \"*.swift\" \\) -print0 | xargs -0 egrep --with-filename --line-number --only-matching \"($TAGS).*\\$\" | perl -p -e \"s/($TAGS)/ warning: \\$1/\"";
		};
/* End PBXShellScriptBuildPhase section */

/* Begin PBXSourcesBuildPhase section */
		F2EF48E220B681F8005C076F /* Sources */ = {
			isa = PBXSourcesBuildPhase;
			buildActionMask = 2147483647;
			files = (
				F2EF490920B68597005C076F /* XJModelManager.swift in Sources */,
				F2EF491720B6A763005C076F /* SwiftPCH.swift in Sources */,
				F2EF48EA20B681F8005C076F /* AppDelegate.swift in Sources */,
				F22C236820C7A6D900787F1F /* XJMemoCell.swift in Sources */,
				F2EF491320B688EE005C076F /* XJMemoViewController.swift in Sources */,
				F2156A162104585C00D56EB5 /* XJEMManager.swift in Sources */,
				F2EF48F220B681F8005C076F /* smallHome.xcdatamodeld in Sources */,
				F2988BB320C81CA50068B49B /* XJMemoDetailController.swift in Sources */,
				F256232A20D7D89C00623A87 /* XJManager.swift in Sources */,
				F22C236D20C7B6F300787F1F /* Global.swift in Sources */,
				F2EF490C20B685C0005C076F /* XJHomeViewController.swift in Sources */,
				F256232420D7C40100623A87 /* XJBmobManager.swift in Sources */,
				F263C20120DA27ED00822B84 /* manager_global.swift in Sources */,
				34BF5AAE20B6A38A00303F7E /* XJChatTableViewController.swift in Sources */,
			);
			runOnlyForDeploymentPostprocessing = 0;
		};
/* End PBXSourcesBuildPhase section */

/* Begin PBXVariantGroup section */
		F2EF48F520B681F9005C076F /* LaunchScreen.storyboard */ = {
			isa = PBXVariantGroup;
			children = (
				F2EF48F620B681F9005C076F /* Base */,
			);
			name = LaunchScreen.storyboard;
			sourceTree = "<group>";
		};
/* End PBXVariantGroup section */

/* Begin XCBuildConfiguration section */
		F2EF48F920B681F9005C076F /* Debug */ = {
			isa = XCBuildConfiguration;
			buildSettings = {
				ALWAYS_SEARCH_USER_PATHS = NO;
				CLANG_ANALYZER_NONNULL = YES;
				CLANG_ANALYZER_NUMBER_OBJECT_CONVERSION = YES_AGGRESSIVE;
				CLANG_CXX_LANGUAGE_STANDARD = "gnu++14";
				CLANG_CXX_LIBRARY = "libc++";
				CLANG_ENABLE_MODULES = YES;
				CLANG_ENABLE_OBJC_ARC = YES;
				CLANG_ENABLE_OBJC_WEAK = YES;
				CLANG_WARN_BLOCK_CAPTURE_AUTORELEASING = YES;
				CLANG_WARN_BOOL_CONVERSION = YES;
				CLANG_WARN_COMMA = YES;
				CLANG_WARN_CONSTANT_CONVERSION = YES;
				CLANG_WARN_DEPRECATED_OBJC_IMPLEMENTATIONS = YES;
				CLANG_WARN_DIRECT_OBJC_ISA_USAGE = YES_ERROR;
				CLANG_WARN_DOCUMENTATION_COMMENTS = YES;
				CLANG_WARN_EMPTY_BODY = YES;
				CLANG_WARN_ENUM_CONVERSION = YES;
				CLANG_WARN_INFINITE_RECURSION = YES;
				CLANG_WARN_INT_CONVERSION = YES;
				CLANG_WARN_NON_LITERAL_NULL_CONVERSION = YES;
				CLANG_WARN_OBJC_IMPLICIT_RETAIN_SELF = YES;
				CLANG_WARN_OBJC_LITERAL_CONVERSION = YES;
				CLANG_WARN_OBJC_ROOT_CLASS = YES_ERROR;
				CLANG_WARN_RANGE_LOOP_ANALYSIS = YES;
				CLANG_WARN_STRICT_PROTOTYPES = YES;
				CLANG_WARN_SUSPICIOUS_MOVE = YES;
				CLANG_WARN_UNGUARDED_AVAILABILITY = YES_AGGRESSIVE;
				CLANG_WARN_UNREACHABLE_CODE = YES;
				CLANG_WARN__DUPLICATE_METHOD_MATCH = YES;
				CODE_SIGN_IDENTITY = "iPhone Developer";
				COPY_PHASE_STRIP = NO;
				DEBUG_INFORMATION_FORMAT = dwarf;
				ENABLE_STRICT_OBJC_MSGSEND = YES;
				ENABLE_TESTABILITY = YES;
				GCC_C_LANGUAGE_STANDARD = gnu11;
				GCC_DYNAMIC_NO_PIC = NO;
				GCC_NO_COMMON_BLOCKS = YES;
				GCC_OPTIMIZATION_LEVEL = 0;
				GCC_PREPROCESSOR_DEFINITIONS = (
					"DEBUG=1",
					"$(inherited)",
				);
				GCC_WARN_64_TO_32_BIT_CONVERSION = YES;
				GCC_WARN_ABOUT_RETURN_TYPE = YES_ERROR;
				GCC_WARN_UNDECLARED_SELECTOR = YES;
				GCC_WARN_UNINITIALIZED_AUTOS = YES_AGGRESSIVE;
				GCC_WARN_UNUSED_FUNCTION = YES;
				GCC_WARN_UNUSED_VARIABLE = YES;
				IPHONEOS_DEPLOYMENT_TARGET = 11.3;
				MTL_ENABLE_DEBUG_INFO = YES;
				ONLY_ACTIVE_ARCH = YES;
				SDKROOT = iphoneos;
				SWIFT_ACTIVE_COMPILATION_CONDITIONS = DEBUG;
				SWIFT_OPTIMIZATION_LEVEL = "-Onone";
			};
			name = Debug;
		};
		F2EF48FA20B681F9005C076F /* Release */ = {
			isa = XCBuildConfiguration;
			buildSettings = {
				ALWAYS_SEARCH_USER_PATHS = NO;
				CLANG_ANALYZER_NONNULL = YES;
				CLANG_ANALYZER_NUMBER_OBJECT_CONVERSION = YES_AGGRESSIVE;
				CLANG_CXX_LANGUAGE_STANDARD = "gnu++14";
				CLANG_CXX_LIBRARY = "libc++";
				CLANG_ENABLE_MODULES = YES;
				CLANG_ENABLE_OBJC_ARC = YES;
				CLANG_ENABLE_OBJC_WEAK = YES;
				CLANG_WARN_BLOCK_CAPTURE_AUTORELEASING = YES;
				CLANG_WARN_BOOL_CONVERSION = YES;
				CLANG_WARN_COMMA = YES;
				CLANG_WARN_CONSTANT_CONVERSION = YES;
				CLANG_WARN_DEPRECATED_OBJC_IMPLEMENTATIONS = YES;
				CLANG_WARN_DIRECT_OBJC_ISA_USAGE = YES_ERROR;
				CLANG_WARN_DOCUMENTATION_COMMENTS = YES;
				CLANG_WARN_EMPTY_BODY = YES;
				CLANG_WARN_ENUM_CONVERSION = YES;
				CLANG_WARN_INFINITE_RECURSION = YES;
				CLANG_WARN_INT_CONVERSION = YES;
				CLANG_WARN_NON_LITERAL_NULL_CONVERSION = YES;
				CLANG_WARN_OBJC_IMPLICIT_RETAIN_SELF = YES;
				CLANG_WARN_OBJC_LITERAL_CONVERSION = YES;
				CLANG_WARN_OBJC_ROOT_CLASS = YES_ERROR;
				CLANG_WARN_RANGE_LOOP_ANALYSIS = YES;
				CLANG_WARN_STRICT_PROTOTYPES = YES;
				CLANG_WARN_SUSPICIOUS_MOVE = YES;
				CLANG_WARN_UNGUARDED_AVAILABILITY = YES_AGGRESSIVE;
				CLANG_WARN_UNREACHABLE_CODE = YES;
				CLANG_WARN__DUPLICATE_METHOD_MATCH = YES;
				CODE_SIGN_IDENTITY = "iPhone Developer";
				COPY_PHASE_STRIP = NO;
				DEBUG_INFORMATION_FORMAT = "dwarf-with-dsym";
				ENABLE_NS_ASSERTIONS = NO;
				ENABLE_STRICT_OBJC_MSGSEND = YES;
				GCC_C_LANGUAGE_STANDARD = gnu11;
				GCC_NO_COMMON_BLOCKS = YES;
				GCC_WARN_64_TO_32_BIT_CONVERSION = YES;
				GCC_WARN_ABOUT_RETURN_TYPE = YES_ERROR;
				GCC_WARN_UNDECLARED_SELECTOR = YES;
				GCC_WARN_UNINITIALIZED_AUTOS = YES_AGGRESSIVE;
				GCC_WARN_UNUSED_FUNCTION = YES;
				GCC_WARN_UNUSED_VARIABLE = YES;
				IPHONEOS_DEPLOYMENT_TARGET = 11.3;
				MTL_ENABLE_DEBUG_INFO = NO;
				SDKROOT = iphoneos;
				SWIFT_COMPILATION_MODE = wholemodule;
				SWIFT_OPTIMIZATION_LEVEL = "-O";
				VALIDATE_PRODUCT = YES;
			};
			name = Release;
		};
		F2EF48FC20B681F9005C076F /* Debug */ = {
			isa = XCBuildConfiguration;
			baseConfigurationReference = B444E9D38C8FF76F92CF0154 /* Pods-smallHome.debug.xcconfig */;
			buildSettings = {
				ASSETCATALOG_COMPILER_APPICON_NAME = AppIcon;
				CLANG_ENABLE_MODULES = YES;
				CODE_SIGN_STYLE = Automatic;
				DEVELOPMENT_TEAM = FPFL449QLB;
				INFOPLIST_FILE = smallHome/Info.plist;
				LD_RUNPATH_SEARCH_PATHS = (
					"$(inherited)",
					"@executable_path/Frameworks",
				);
				PRODUCT_BUNDLE_IDENTIFIER = yyy.smallHome;
				PRODUCT_NAME = "$(TARGET_NAME)";
				SWIFT_OBJC_BRIDGING_HEADER = "smallHome/smallHome-Bridging-Header.h";
				SWIFT_OPTIMIZATION_LEVEL = "-Onone";
				SWIFT_VERSION = 4.0;
				TARGETED_DEVICE_FAMILY = "1,2";
			};
			name = Debug;
		};
		F2EF48FD20B681F9005C076F /* Release */ = {
			isa = XCBuildConfiguration;
			baseConfigurationReference = 04CA9941EE584FD7FDBAC27B /* Pods-smallHome.release.xcconfig */;
			buildSettings = {
				ASSETCATALOG_COMPILER_APPICON_NAME = AppIcon;
				CLANG_ENABLE_MODULES = YES;
				CODE_SIGN_STYLE = Automatic;
				DEVELOPMENT_TEAM = FPFL449QLB;
				INFOPLIST_FILE = smallHome/Info.plist;
				LD_RUNPATH_SEARCH_PATHS = (
					"$(inherited)",
					"@executable_path/Frameworks",
				);
				PRODUCT_BUNDLE_IDENTIFIER = yyy.smallHome;
				PRODUCT_NAME = "$(TARGET_NAME)";
				SWIFT_OBJC_BRIDGING_HEADER = "smallHome/smallHome-Bridging-Header.h";
				SWIFT_VERSION = 4.0;
				TARGETED_DEVICE_FAMILY = "1,2";
			};
			name = Release;
		};
/* End XCBuildConfiguration section */

/* Begin XCConfigurationList section */
		F2EF48E120B681F8005C076F /* Build configuration list for PBXProject "smallHome" */ = {
			isa = XCConfigurationList;
			buildConfigurations = (
				F2EF48F920B681F9005C076F /* Debug */,
				F2EF48FA20B681F9005C076F /* Release */,
			);
			defaultConfigurationIsVisible = 0;
			defaultConfigurationName = Release;
		};
		F2EF48FB20B681F9005C076F /* Build configuration list for PBXNativeTarget "smallHome" */ = {
			isa = XCConfigurationList;
			buildConfigurations = (
				F2EF48FC20B681F9005C076F /* Debug */,
				F2EF48FD20B681F9005C076F /* Release */,
			);
			defaultConfigurationIsVisible = 0;
			defaultConfigurationName = Release;
		};
/* End XCConfigurationList section */

/* Begin XCVersionGroup section */
		F2EF48F020B681F8005C076F /* smallHome.xcdatamodeld */ = {
			isa = XCVersionGroup;
			children = (
				F2EF48F120B681F8005C076F /* smallHome.xcdatamodel */,
			);
			currentVersion = F2EF48F120B681F8005C076F /* smallHome.xcdatamodel */;
			path = smallHome.xcdatamodeld;
			sourceTree = "<group>";
			versionGroupType = wrapper.xcdatamodel;
		};
/* End XCVersionGroup section */
	};
	rootObject = F2EF48DE20B681F8005C076F /* Project object */;
}
